
Microsoft Visual Studio Solution File, Format Version 12.00
# Visual Studio Version 16
VisualStudioVersion = 25.0.1706.9
MinimumVisualStudioVersion = 10.0.40219.1
Project("{FAE04EC0-301F-11D3-BF4B-00C04F79EFBC}") = "Karma.6.03", "Karma.6.03\Karma.6.03.csproj", "{A2577AF7-4911-40A5-BC37-EA5F46F95931}"
EndProject
Global
	GlobalSection(SolutionConfigurationPlatforms) = preSolution
		Debug|Any CPU = Debug|Any CPU
		Release|Any CPU = Release|Any CPU
	EndGlobalSection
	GlobalSection(ProjectConfigurationPlatforms) = postSolution
		{A2577AF7-4911-40A5-BC37-EA5F46F95931}.Debug|Any CPU.ActiveCfg = Debug|Any CPU
		{A2577AF7-4911-40A5-BC37-EA5F46F95931}.Debug|Any CPU.Build.0 = Debug|Any CPU
		{A2577AF7-4911-40A5-BC37-EA5F46F95931}.Release|Any CPU.ActiveCfg = Release|Any CPU
		{A2577AF7-4911-40A5-BC37-EA5F46F95931}.Release|Any CPU.Build.0 = Release|Any CPU
	EndGlobalSection
	GlobalSection(SolutionProperties) = preSolution
		HideSolutionNode = FALSE
	EndGlobalSection
	GlobalSection(ExtensibilityGlobals) = postSolution
		SolutionGuid = {9C11AAF1-FD3E-4EAA-9730-B46D13D2D399}
	EndGlobalSection
EndGlobal
